
Microsoft Visual Studio Solution File, Format Version 12.00
# Visual Studio Version 17
VisualStudioVersion = 17.0.31903.59
MinimumVisualStudioVersion = 10.0.40219.1
Project("{9A19103F-16F7-4668-BE54-9A1E7A4F7556}") = "App", "App\App.csproj", "{F322F00F-E151-47EF-A1DB-0E5AC1B5A636}"
EndProject
Project("{9A19103F-16F7-4668-BE54-9A1E7A4F7556}") = "Web", "Web\Web.csproj", "{40C943B9-4933-4F24-A624-62BAA1866A0B}"
EndProject
Project("{9A19103F-16F7-4668-BE54-9A1E7A4F7556}") = "Shared", "Shared\Shared.csproj", "{5E76840B-5DE6-4B3A-A44A-1B4FA2FB1F35}"
EndProject
Project("{9A19103F-16F7-4668-BE54-9A1E7A4F7556}") = "Domain", "Domain\Domain.csproj", "{A691D7A3-01CB-478C-8AE8-64933F279B83}"
EndProject
Project("{9A19103F-16F7-4668-BE54-9A1E7A4F7556}") = "Infrastructure", "Infrastructure\Infrastructure.csproj", "{53D34E68-B339-431C-BDDD-8905D2976EE4}"
EndProject
Project("{9A19103F-16F7-4668-BE54-9A1E7A4F7556}") = "Api", "Api\Api.csproj", "{FED41E47-1C07-4F99-8359-4B46B4AADF7D}"
EndProject
Global
	GlobalSection(SolutionConfigurationPlatforms) = preSolution
		Debug|Any CPU = Debug|Any CPU
		Release|Any CPU = Release|Any CPU
	EndGlobalSection
	GlobalSection(ProjectConfigurationPlatforms) = postSolution
		{F322F00F-E151-47EF-A1DB-0E5AC1B5A636}.Debug|Any CPU.ActiveCfg = Debug|Any CPU
		{F322F00F-E151-47EF-A1DB-0E5AC1B5A636}.Debug|Any CPU.Build.0 = Debug|Any CPU
		{F322F00F-E151-47EF-A1DB-0E5AC1B5A636}.Debug|Any CPU.Deploy.0 = Debug|Any CPU
		{F322F00F-E151-47EF-A1DB-0E5AC1B5A636}.Release|Any CPU.ActiveCfg = Release|Any CPU
		{F322F00F-E151-47EF-A1DB-0E5AC1B5A636}.Release|Any CPU.Build.0 = Release|Any CPU
		{F322F00F-E151-47EF-A1DB-0E5AC1B5A636}.Release|Any CPU.Deploy.0 = Release|Any CPU
		{40C943B9-4933-4F24-A624-62BAA1866A0B}.Debug|Any CPU.ActiveCfg = Debug|Any CPU
		{40C943B9-4933-4F24-A624-62BAA1866A0B}.Debug|Any CPU.Build.0 = Debug|Any CPU
		{40C943B9-4933-4F24-A624-62BAA1866A0B}.Release|Any CPU.ActiveCfg = Release|Any CPU
		{40C943B9-4933-4F24-A624-62BAA1866A0B}.Release|Any CPU.Build.0 = Release|Any CPU
		{5E76840B-5DE6-4B3A-A44A-1B4FA2FB1F35}.Debug|Any CPU.ActiveCfg = Debug|Any CPU
		{5E76840B-5DE6-4B3A-A44A-1B4FA2FB1F35}.Debug|Any CPU.Build.0 = Debug|Any CPU
		{5E76840B-5DE6-4B3A-A44A-1B4FA2FB1F35}.Release|Any CPU.ActiveCfg = Release|Any CPU
		{5E76840B-5DE6-4B3A-A44A-1B4FA2FB1F35}.Release|Any CPU.Build.0 = Release|Any CPU
		{A691D7A3-01CB-478C-8AE8-64933F279B83}.Debug|Any CPU.ActiveCfg = Debug|Any CPU
		{A691D7A3-01CB-478C-8AE8-64933F279B83}.Debug|Any CPU.Build.0 = Debug|Any CPU
		{A691D7A3-01CB-478C-8AE8-64933F279B83}.Release|Any CPU.ActiveCfg = Release|Any CPU
		{A691D7A3-01CB-478C-8AE8-64933F279B83}.Release|Any CPU.Build.0 = Release|Any CPU
		{53D34E68-B339-431C-BDDD-8905D2976EE4}.Debug|Any CPU.ActiveCfg = Debug|Any CPU
		{53D34E68-B339-431C-BDDD-8905D2976EE4}.Debug|Any CPU.Build.0 = Debug|Any CPU
		{53D34E68-B339-431C-BDDD-8905D2976EE4}.Release|Any CPU.ActiveCfg = Release|Any CPU
		{53D34E68-B339-431C-BDDD-8905D2976EE4}.Release|Any CPU.Build.0 = Release|Any CPU
		{FED41E47-1C07-4F99-8359-4B46B4AADF7D}.Debug|Any CPU.ActiveCfg = Debug|Any CPU
		{FED41E47-1C07-4F99-8359-4B46B4AADF7D}.Debug|Any CPU.Build.0 = Debug|Any CPU
		{FED41E47-1C07-4F99-8359-4B46B4AADF7D}.Release|Any CPU.ActiveCfg = Release|Any CPU
		{FED41E47-1C07-4F99-8359-4B46B4AADF7D}.Release|Any CPU.Build.0 = Release|Any CPU
	EndGlobalSection
	GlobalSection(SolutionProperties) = preSolution
		HideSolutionNode = FALSE
	EndGlobalSection
	GlobalSection(ExtensibilityGlobals) = postSolution
		SolutionGuid = {1A54EC7E-B595-4F2D-973B-9375F31C4272}
	EndGlobalSection
EndGlobal
